{
  "name": "myapp",
  "version": "1.0.0",
  "lockfileVersion": 3,
  "requires": true,
  "packages": {
    "": {
      "name": "myapp",
      "version": "1.0.0",
      "license": "ISC",
      "dependencies": {
        "@matheuscavagnari/fluentsql": "^2.0.0"
      }
    },
    "node_modules/@matheuscavagnari/fluentsql": {
      "version": "2.0.0",
      "resolved": "https://registry.npmjs.org/@matheuscavagnari/fluentsql/-/fluentsql-2.0.0.tgz",
      "integrity": "sha512-3s0/U2svlJryicjBv4vT7tTeKtZ/4CqxiBUMAHgmRzzUNPwlBG4FF0qYmD9xzDjteyyTi8/xiSZtpmFiS8dMWA=="
    }
  }
}
